
Microsoft Visual Studio Solution File, Format Version 12.00
# Visual Studio Version 18
VisualStudioVersion = 18.1.11312.151
MinimumVisualStudioVersion = 10.0.40219.1
Project("{FAE04EC0-301F-11D3-BF4B-00C04F79EFBC}") = "SIG_T.Worker", "SIG_T.Worker\SIG_T.Worker.csproj", "{5A0D6EF8-9F1C-4B23-9A3F-5B6E8C4D5E7F}"
EndProject
Project("{FAE04EC0-301F-11D3-BF4B-00C04F79EFBC}") = "SIG_T.API", "SIG_T.API\SIG_T.API.csproj", "{EC37F5FB-A85D-CE3F-2290-9516CBD70203}"
EndProject
Project("{FAE04EC0-301F-11D3-BF4B-00C04F79EFBC}") = "SIG_T.Client", "SIG_T.Client\SIG_T.Client.csproj", "{C66E26E2-BC56-C6EA-CBBA-EFB4CD56361A}"
EndProject
Project("{FAE04EC0-301F-11D3-BF4B-00C04F79EFBC}") = "SIG_T.Domain", "SIG_T.Domain\SIG_T.Domain.csproj", "{349B00C1-C61C-41CD-8289-40329D77AB14}"
EndProject
Project("{FAE04EC0-301F-11D3-BF4B-00C04F79EFBC}") = "SIG_T.Tests", "SIG_T.Tests\SIG_T.Tests.csproj", "{0E3AE1C6-D272-B809-FABD-9DF0AA2AC399}"
EndProject
Project("{FAE04EC0-301F-11D3-BF4B-00C04F79EFBC}") = "SIG_T.Infrastructure", "SIG_T.Persistence\SIG_T.Infrastructure.csproj", "{8E5B364E-1A2D-DCA9-2574-32BE367D71F7}"
EndProject
Project("{FAE04EC0-301F-11D3-BF4B-00C04F79EFBC}") = "SIG_T.Application", "SIG_T.Application\SIG_T.Application.csproj", "{EAEB9358-61BF-49A4-81C1-677B4EEB8504}"
EndProject
Project("{00D1A9C2-B5F0-4AF3-8072-F6C62B433612}") = "Scripts", "Scripts\Scripts.sqlproj", "{267770D0-9101-461A-B394-006679882D5B}"
EndProject
Global
	GlobalSection(SolutionConfigurationPlatforms) = preSolution
		Debug|Any CPU = Debug|Any CPU
		Debug|x64 = Debug|x64
		Debug|x86 = Debug|x86
		Release|Any CPU = Release|Any CPU
		Release|x64 = Release|x64
		Release|x86 = Release|x86
	EndGlobalSection
	GlobalSection(ProjectConfigurationPlatforms) = postSolution
		{5A0D6EF8-9F1C-4B23-9A3F-5B6E8C4D5E7F}.Debug|Any CPU.ActiveCfg = Debug|Any CPU
		{5A0D6EF8-9F1C-4B23-9A3F-5B6E8C4D5E7F}.Debug|Any CPU.Build.0 = Debug|Any CPU
		{5A0D6EF8-9F1C-4B23-9A3F-5B6E8C4D5E7F}.Debug|x64.ActiveCfg = Debug|Any CPU
		{5A0D6EF8-9F1C-4B23-9A3F-5B6E8C4D5E7F}.Debug|x64.Build.0 = Debug|Any CPU
		{5A0D6EF8-9F1C-4B23-9A3F-5B6E8C4D5E7F}.Debug|x86.ActiveCfg = Debug|Any CPU
		{5A0D6EF8-9F1C-4B23-9A3F-5B6E8C4D5E7F}.Debug|x86.Build.0 = Debug|Any CPU
		{5A0D6EF8-9F1C-4B23-9A3F-5B6E8C4D5E7F}.Release|Any CPU.ActiveCfg = Release|Any CPU
		{5A0D6EF8-9F1C-4B23-9A3F-5B6E8C4D5E7F}.Release|Any CPU.Build.0 = Release|Any CPU
		{5A0D6EF8-9F1C-4B23-9A3F-5B6E8C4D5E7F}.Release|x64.ActiveCfg = Release|Any CPU
		{5A0D6EF8-9F1C-4B23-9A3F-5B6E8C4D5E7F}.Release|x64.Build.0 = Release|Any CPU
		{5A0D6EF8-9F1C-4B23-9A3F-5B6E8C4D5E7F}.Release|x86.ActiveCfg = Release|Any CPU
		{5A0D6EF8-9F1C-4B23-9A3F-5B6E8C4D5E7F}.Release|x86.Build.0 = Release|Any CPU
		{EC37F5FB-A85D-CE3F-2290-9516CBD70203}.Debug|Any CPU.ActiveCfg = Debug|Any CPU
		{EC37F5FB-A85D-CE3F-2290-9516CBD70203}.Debug|Any CPU.Build.0 = Debug|Any CPU
		{EC37F5FB-A85D-CE3F-2290-9516CBD70203}.Debug|x64.ActiveCfg = Debug|Any CPU
		{EC37F5FB-A85D-CE3F-2290-9516CBD70203}.Debug|x64.Build.0 = Debug|Any CPU
		{EC37F5FB-A85D-CE3F-2290-9516CBD70203}.Debug|x86.ActiveCfg = Debug|Any CPU
		{EC37F5FB-A85D-CE3F-2290-9516CBD70203}.Debug|x86.Build.0 = Debug|Any CPU
		{EC37F5FB-A85D-CE3F-2290-9516CBD70203}.Release|Any CPU.ActiveCfg = Release|Any CPU
		{EC37F5FB-A85D-CE3F-2290-9516CBD70203}.Release|Any CPU.Build.0 = Release|Any CPU
		{EC37F5FB-A85D-CE3F-2290-9516CBD70203}.Release|x64.ActiveCfg = Release|Any CPU
		{EC37F5FB-A85D-CE3F-2290-9516CBD70203}.Release|x64.Build.0 = Release|Any CPU
		{EC37F5FB-A85D-CE3F-2290-9516CBD70203}.Release|x86.ActiveCfg = Release|Any CPU
		{EC37F5FB-A85D-CE3F-2290-9516CBD70203}.Release|x86.Build.0 = Release|Any CPU
		{C66E26E2-BC56-C6EA-CBBA-EFB4CD56361A}.Debug|Any CPU.ActiveCfg = Debug|Any CPU
		{C66E26E2-BC56-C6EA-CBBA-EFB4CD56361A}.Debug|Any CPU.Build.0 = Debug|Any CPU
		{C66E26E2-BC56-C6EA-CBBA-EFB4CD56361A}.Debug|x64.ActiveCfg = Debug|Any CPU
		{C66E26E2-BC56-C6EA-CBBA-EFB4CD56361A}.Debug|x64.Build.0 = Debug|Any CPU
		{C66E26E2-BC56-C6EA-CBBA-EFB4CD56361A}.Debug|x86.ActiveCfg = Debug|Any CPU
		{C66E26E2-BC56-C6EA-CBBA-EFB4CD56361A}.Debug|x86.Build.0 = Debug|Any CPU
		{C66E26E2-BC56-C6EA-CBBA-EFB4CD56361A}.Release|Any CPU.ActiveCfg = Release|Any CPU
		{C66E26E2-BC56-C6EA-CBBA-EFB4CD56361A}.Release|Any CPU.Build.0 = Release|Any CPU
		{C66E26E2-BC56-C6EA-CBBA-EFB4CD56361A}.Release|x64.ActiveCfg = Release|Any CPU
		{C66E26E2-BC56-C6EA-CBBA-EFB4CD56361A}.Release|x64.Build.0 = Release|Any CPU
		{C66E26E2-BC56-C6EA-CBBA-EFB4CD56361A}.Release|x86.ActiveCfg = Release|Any CPU
		{C66E26E2-BC56-C6EA-CBBA-EFB4CD56361A}.Release|x86.Build.0 = Release|Any CPU
		{349B00C1-C61C-41CD-8289-40329D77AB14}.Debug|Any CPU.ActiveCfg = Debug|Any CPU
		{349B00C1-C61C-41CD-8289-40329D77AB14}.Debug|Any CPU.Build.0 = Debug|Any CPU
		{349B00C1-C61C-41CD-8289-40329D77AB14}.Debug|x64.ActiveCfg = Debug|Any CPU
		{349B00C1-C61C-41CD-8289-40329D77AB14}.Debug|x64.Build.0 = Debug|Any CPU
		{349B00C1-C61C-41CD-8289-40329D77AB14}.Debug|x86.ActiveCfg = Debug|Any CPU
		{349B00C1-C61C-41CD-8289-40329D77AB14}.Debug|x86.Build.0 = Debug|Any CPU
		{349B00C1-C61C-41CD-8289-40329D77AB14}.Release|Any CPU.ActiveCfg = Release|Any CPU
		{349B00C1-C61C-41CD-8289-40329D77AB14}.Release|Any CPU.Build.0 = Release|Any CPU
		{349B00C1-C61C-41CD-8289-40329D77AB14}.Release|x64.ActiveCfg = Release|Any CPU
		{349B00C1-C61C-41CD-8289-40329D77AB14}.Release|x64.Build.0 = Release|Any CPU
		{349B00C1-C61C-41CD-8289-40329D77AB14}.Release|x86.ActiveCfg = Release|Any CPU
		{349B00C1-C61C-41CD-8289-40329D77AB14}.Release|x86.Build.0 = Release|Any CPU
		{0E3AE1C6-D272-B809-FABD-9DF0AA2AC399}.Debug|Any CPU.ActiveCfg = Debug|Any CPU
		{0E3AE1C6-D272-B809-FABD-9DF0AA2AC399}.Debug|Any CPU.Build.0 = Debug|Any CPU
		{0E3AE1C6-D272-B809-FABD-9DF0AA2AC399}.Debug|x64.ActiveCfg = Debug|Any CPU
		{0E3AE1C6-D272-B809-FABD-9DF0AA2AC399}.Debug|x64.Build.0 = Debug|Any CPU
		{0E3AE1C6-D272-B809-FABD-9DF0AA2AC399}.Debug|x86.ActiveCfg = Debug|Any CPU
		{0E3AE1C6-D272-B809-FABD-9DF0AA2AC399}.Debug|x86.Build.0 = Debug|Any CPU
		{0E3AE1C6-D272-B809-FABD-9DF0AA2AC399}.Release|Any CPU.ActiveCfg = Release|Any CPU
		{0E3AE1C6-D272-B809-FABD-9DF0AA2AC399}.Release|Any CPU.Build.0 = Release|Any CPU
		{0E3AE1C6-D272-B809-FABD-9DF0AA2AC399}.Release|x64.ActiveCfg = Release|Any CPU
		{0E3AE1C6-D272-B809-FABD-9DF0AA2AC399}.Release|x64.Build.0 = Release|Any CPU
		{0E3AE1C6-D272-B809-FABD-9DF0AA2AC399}.Release|x86.ActiveCfg = Release|Any CPU
		{0E3AE1C6-D272-B809-FABD-9DF0AA2AC399}.Release|x86.Build.0 = Release|Any CPU
		{8E5B364E-1A2D-DCA9-2574-32BE367D71F7}.Debug|Any CPU.ActiveCfg = Debug|Any CPU
		{8E5B364E-1A2D-DCA9-2574-32BE367D71F7}.Debug|Any CPU.Build.0 = Debug|Any CPU
		{8E5B364E-1A2D-DCA9-2574-32BE367D71F7}.Debug|x64.ActiveCfg = Debug|Any CPU
		{8E5B364E-1A2D-DCA9-2574-32BE367D71F7}.Debug|x64.Build.0 = Debug|Any CPU
		{8E5B364E-1A2D-DCA9-2574-32BE367D71F7}.Debug|x86.ActiveCfg = Debug|Any CPU
		{8E5B364E-1A2D-DCA9-2574-32BE367D71F7}.Debug|x86.Build.0 = Debug|Any CPU
		{8E5B364E-1A2D-DCA9-2574-32BE367D71F7}.Release|Any CPU.ActiveCfg = Release|Any CPU
		{8E5B364E-1A2D-DCA9-2574-32BE367D71F7}.Release|Any CPU.Build.0 = Release|Any CPU
		{8E5B364E-1A2D-DCA9-2574-32BE367D71F7}.Release|x64.ActiveCfg = Release|Any CPU
		{8E5B364E-1A2D-DCA9-2574-32BE367D71F7}.Release|x64.Build.0 = Release|Any CPU
		{8E5B364E-1A2D-DCA9-2574-32BE367D71F7}.Release|x86.ActiveCfg = Release|Any CPU
		{8E5B364E-1A2D-DCA9-2574-32BE367D71F7}.Release|x86.Build.0 = Release|Any CPU
		{EAEB9358-61BF-49A4-81C1-677B4EEB8504}.Debug|Any CPU.ActiveCfg = Debug|Any CPU
		{EAEB9358-61BF-49A4-81C1-677B4EEB8504}.Debug|Any CPU.Build.0 = Debug|Any CPU
		{EAEB9358-61BF-49A4-81C1-677B4EEB8504}.Debug|x64.ActiveCfg = Debug|Any CPU
		{EAEB9358-61BF-49A4-81C1-677B4EEB8504}.Debug|x64.Build.0 = Debug|Any CPU
		{EAEB9358-61BF-49A4-81C1-677B4EEB8504}.Debug|x86.ActiveCfg = Debug|Any CPU
		{EAEB9358-61BF-49A4-81C1-677B4EEB8504}.Debug|x86.Build.0 = Debug|Any CPU
		{EAEB9358-61BF-49A4-81C1-677B4EEB8504}.Release|Any CPU.ActiveCfg = Release|Any CPU
		{EAEB9358-61BF-49A4-81C1-677B4EEB8504}.Release|Any CPU.Build.0 = Release|Any CPU
		{EAEB9358-61BF-49A4-81C1-677B4EEB8504}.Release|x64.ActiveCfg = Release|Any CPU
		{EAEB9358-61BF-49A4-81C1-677B4EEB8504}.Release|x64.Build.0 = Release|Any CPU
		{EAEB9358-61BF-49A4-81C1-677B4EEB8504}.Release|x86.ActiveCfg = Release|Any CPU
		{EAEB9358-61BF-49A4-81C1-677B4EEB8504}.Release|x86.Build.0 = Release|Any CPU
		{267770D0-9101-461A-B394-006679882D5B}.Debug|Any CPU.ActiveCfg = Debug|Any CPU
		{267770D0-9101-461A-B394-006679882D5B}.Debug|Any CPU.Build.0 = Debug|Any CPU
		{267770D0-9101-461A-B394-006679882D5B}.Debug|Any CPU.Deploy.0 = Debug|Any CPU
		{267770D0-9101-461A-B394-006679882D5B}.Debug|x64.ActiveCfg = Debug|Any CPU
		{267770D0-9101-461A-B394-006679882D5B}.Debug|x64.Build.0 = Debug|Any CPU
		{267770D0-9101-461A-B394-006679882D5B}.Debug|x64.Deploy.0 = Debug|Any CPU
		{267770D0-9101-461A-B394-006679882D5B}.Debug|x86.ActiveCfg = Debug|Any CPU
		{267770D0-9101-461A-B394-006679882D5B}.Debug|x86.Build.0 = Debug|Any CPU
		{267770D0-9101-461A-B394-006679882D5B}.Debug|x86.Deploy.0 = Debug|Any CPU
		{267770D0-9101-461A-B394-006679882D5B}.Release|Any CPU.ActiveCfg = Release|Any CPU
		{267770D0-9101-461A-B394-006679882D5B}.Release|Any CPU.Build.0 = Release|Any CPU
		{267770D0-9101-461A-B394-006679882D5B}.Release|Any CPU.Deploy.0 = Release|Any CPU
		{267770D0-9101-461A-B394-006679882D5B}.Release|x64.ActiveCfg = Release|Any CPU
		{267770D0-9101-461A-B394-006679882D5B}.Release|x64.Build.0 = Release|Any CPU
		{267770D0-9101-461A-B394-006679882D5B}.Release|x64.Deploy.0 = Release|Any CPU
		{267770D0-9101-461A-B394-006679882D5B}.Release|x86.ActiveCfg = Release|Any CPU
		{267770D0-9101-461A-B394-006679882D5B}.Release|x86.Build.0 = Release|Any CPU
		{267770D0-9101-461A-B394-006679882D5B}.Release|x86.Deploy.0 = Release|Any CPU
	EndGlobalSection
	GlobalSection(SolutionProperties) = preSolution
		HideSolutionNode = FALSE
	EndGlobalSection
	GlobalSection(ExtensibilityGlobals) = postSolution
		SolutionGuid = {CB4224DA-6201-49DE-8EF8-707073F79BE1}
	EndGlobalSection
EndGlobal
