
Microsoft Visual Studio Solution File, Format Version 12.00
# Visual Studio Version 18
VisualStudioVersion = 18.1.11312.151
MinimumVisualStudioVersion = 10.0.40219.1
Project("{FAE04EC0-301F-11D3-BF4B-00C04F79EFBC}") = "SIG_T.Shared", "SIG_T.Shared\SIG_T.Shared.csproj", "{432F3205-1C57-DE1B-09FB-F4AF5FA5C7EF}"
EndProject
Project("{FAE04EC0-301F-11D3-BF4B-00C04F79EFBC}") = "SIG_T.Worker", "SIG_T.Worker\SIG_T.Worker.csproj", "{5A0D6EF8-9F1C-4B23-9A3F-5B6E8C4D5E7F}"
EndProject
Project("{FAE04EC0-301F-11D3-BF4B-00C04F79EFBC}") = "SIG_T.API", "SIG_T.API\SIG_T.API.csproj", "{EC37F5FB-A85D-CE3F-2290-9516CBD70203}"
EndProject
Project("{FAE04EC0-301F-11D3-BF4B-00C04F79EFBC}") = "SIG_T.Client", "SIG_T.Client\SIG_T.Client.csproj", "{C66E26E2-BC56-C6EA-CBBA-EFB4CD56361A}"
EndProject
Global
	GlobalSection(SolutionConfigurationPlatforms) = preSolution
		Debug|Any CPU = Debug|Any CPU
		Release|Any CPU = Release|Any CPU
	EndGlobalSection
	GlobalSection(ProjectConfigurationPlatforms) = postSolution
		{432F3205-1C57-DE1B-09FB-F4AF5FA5C7EF}.Debug|Any CPU.ActiveCfg = Debug|Any CPU
		{432F3205-1C57-DE1B-09FB-F4AF5FA5C7EF}.Debug|Any CPU.Build.0 = Debug|Any CPU
		{432F3205-1C57-DE1B-09FB-F4AF5FA5C7EF}.Release|Any CPU.ActiveCfg = Release|Any CPU
		{432F3205-1C57-DE1B-09FB-F4AF5FA5C7EF}.Release|Any CPU.Build.0 = Release|Any CPU
		{5A0D6EF8-9F1C-4B23-9A3F-5B6E8C4D5E7F}.Debug|Any CPU.ActiveCfg = Debug|Any CPU
		{5A0D6EF8-9F1C-4B23-9A3F-5B6E8C4D5E7F}.Debug|Any CPU.Build.0 = Debug|Any CPU
		{5A0D6EF8-9F1C-4B23-9A3F-5B6E8C4D5E7F}.Release|Any CPU.ActiveCfg = Release|Any CPU
		{5A0D6EF8-9F1C-4B23-9A3F-5B6E8C4D5E7F}.Release|Any CPU.Build.0 = Release|Any CPU
		{EC37F5FB-A85D-CE3F-2290-9516CBD70203}.Debug|Any CPU.ActiveCfg = Debug|Any CPU
		{EC37F5FB-A85D-CE3F-2290-9516CBD70203}.Debug|Any CPU.Build.0 = Debug|Any CPU
		{EC37F5FB-A85D-CE3F-2290-9516CBD70203}.Release|Any CPU.ActiveCfg = Release|Any CPU
		{EC37F5FB-A85D-CE3F-2290-9516CBD70203}.Release|Any CPU.Build.0 = Release|Any CPU
		{C66E26E2-BC56-C6EA-CBBA-EFB4CD56361A}.Debug|Any CPU.ActiveCfg = Debug|Any CPU
		{C66E26E2-BC56-C6EA-CBBA-EFB4CD56361A}.Debug|Any CPU.Build.0 = Debug|Any CPU
		{C66E26E2-BC56-C6EA-CBBA-EFB4CD56361A}.Release|Any CPU.ActiveCfg = Release|Any CPU
		{C66E26E2-BC56-C6EA-CBBA-EFB4CD56361A}.Release|Any CPU.Build.0 = Release|Any CPU
	EndGlobalSection
	GlobalSection(SolutionProperties) = preSolution
		HideSolutionNode = FALSE
	EndGlobalSection
	GlobalSection(ExtensibilityGlobals) = postSolution
		SolutionGuid = {CB4224DA-6201-49DE-8EF8-707073F79BE1}
	EndGlobalSection
EndGlobal
